
Microsoft Visual Studio Solution File, Format Version 11.00
# Visual Studio 2010
Project("{FAE04EC0-301F-11D3-BF4B-00C04F79EFBC}") = "fucklandlord.engine", "fucklandlord.engine\fucklandlord.engine.csproj", "{820F0488-5B37-49F8-913E-E571549FC2C8}"
EndProject
Project("{FAE04EC0-301F-11D3-BF4B-00C04F79EFBC}") = "fucklandlord.test", "fucklandlord.test\fucklandlord.test.csproj", "{2BA2BCEA-FAE4-4CA1-9342-BCEA0D735F4F}"
EndProject
Global
	GlobalSection(SolutionConfigurationPlatforms) = preSolution
		Debug|Any CPU = Debug|Any CPU
		Debug|Mixed Platforms = Debug|Mixed Platforms
		Debug|x86 = Debug|x86
		Release|Any CPU = Release|Any CPU
		Release|Mixed Platforms = Release|Mixed Platforms
		Release|x86 = Release|x86
	EndGlobalSection
	GlobalSection(ProjectConfigurationPlatforms) = postSolution
		{820F0488-5B37-49F8-913E-E571549FC2C8}.Debug|Any CPU.ActiveCfg = Debug|Any CPU
		{820F0488-5B37-49F8-913E-E571549FC2C8}.Debug|Any CPU.Build.0 = Debug|Any CPU
		{820F0488-5B37-49F8-913E-E571549FC2C8}.Debug|Mixed Platforms.ActiveCfg = Debug|Any CPU
		{820F0488-5B37-49F8-913E-E571549FC2C8}.Debug|Mixed Platforms.Build.0 = Debug|Any CPU
		{820F0488-5B37-49F8-913E-E571549FC2C8}.Debug|x86.ActiveCfg = Debug|Any CPU
		{820F0488-5B37-49F8-913E-E571549FC2C8}.Release|Any CPU.ActiveCfg = Release|Any CPU
		{820F0488-5B37-49F8-913E-E571549FC2C8}.Release|Any CPU.Build.0 = Release|Any CPU
		{820F0488-5B37-49F8-913E-E571549FC2C8}.Release|Mixed Platforms.ActiveCfg = Release|Any CPU
		{820F0488-5B37-49F8-913E-E571549FC2C8}.Release|Mixed Platforms.Build.0 = Release|Any CPU
		{820F0488-5B37-49F8-913E-E571549FC2C8}.Release|x86.ActiveCfg = Release|Any CPU
		{2BA2BCEA-FAE4-4CA1-9342-BCEA0D735F4F}.Debug|Any CPU.ActiveCfg = Debug|x86
		{2BA2BCEA-FAE4-4CA1-9342-BCEA0D735F4F}.Debug|Mixed Platforms.ActiveCfg = Debug|x86
		{2BA2BCEA-FAE4-4CA1-9342-BCEA0D735F4F}.Debug|Mixed Platforms.Build.0 = Debug|x86
		{2BA2BCEA-FAE4-4CA1-9342-BCEA0D735F4F}.Debug|x86.ActiveCfg = Debug|x86
		{2BA2BCEA-FAE4-4CA1-9342-BCEA0D735F4F}.Debug|x86.Build.0 = Debug|x86
		{2BA2BCEA-FAE4-4CA1-9342-BCEA0D735F4F}.Release|Any CPU.ActiveCfg = Release|x86
		{2BA2BCEA-FAE4-4CA1-9342-BCEA0D735F4F}.Release|Mixed Platforms.ActiveCfg = Release|x86
		{2BA2BCEA-FAE4-4CA1-9342-BCEA0D735F4F}.Release|Mixed Platforms.Build.0 = Release|x86
		{2BA2BCEA-FAE4-4CA1-9342-BCEA0D735F4F}.Release|x86.ActiveCfg = Release|x86
		{2BA2BCEA-FAE4-4CA1-9342-BCEA0D735F4F}.Release|x86.Build.0 = Release|x86
	EndGlobalSection
	GlobalSection(SolutionProperties) = preSolution
		HideSolutionNode = FALSE
	EndGlobalSection
EndGlobal
